// !$*UTF8*$!
{
	archiveVersion = 1;
	classes = {
	};
	objectVersion = 48;
	objects = {

/* Begin PBXBuildFile section */
		02DD7E04202834D4001EDC65 /* AppDelegate.swift in Sources */ = {isa = PBXBuildFile; fileRef = 02DD7E03202834D4001EDC65 /* AppDelegate.swift */; };
		02DD7E06202834D4001EDC65 /* ViewController.swift in Sources */ = {isa = PBXBuildFile; fileRef = 02DD7E05202834D4001EDC65 /* ViewController.swift */; };
		02DD7E09202834D4001EDC65 /* Main.storyboard in Resources */ = {isa = PBXBuildFile; fileRef = 02DD7E07202834D4001EDC65 /* Main.storyboard */; };
		02DD7E0B202834D4001EDC65 /* Assets.xcassets in Resources */ = {isa = PBXBuildFile; fileRef = 02DD7E0A202834D4001EDC65 /* Assets.xcassets */; };
		02DD7E0E202834D4001EDC65 /* LaunchScreen.storyboard in Resources */ = {isa = PBXBuildFile; fileRef = 02DD7E0C202834D4001EDC65 /* LaunchScreen.storyboard */; };
		02DD7E19202834D4001EDC65 /* StopWatchTests.swift in Sources */ = {isa = PBXBuildFile; fileRef = 02DD7E18202834D4001EDC65 /* StopWatchTests.swift */; };
		02DD7E24202834D4001EDC65 /* StopWatchUITests.swift in Sources */ = {isa = PBXBuildFile; fileRef = 02DD7E23202834D4001EDC65 /* StopWatchUITests.swift */; };
/* End PBXBuildFile section */

/* Begin PBXContainerItemProxy section */
		02DD7E15202834D4001EDC65 /* PBXContainerItemProxy */ = {
			isa = PBXContainerItemProxy;
			containerPortal = 02DD7DF8202834D3001EDC65 /* Project object */;
			proxyType = 1;
			remoteGlobalIDString = 02DD7DFF202834D4001EDC65;
			remoteInfo = StopWatch;
		};
		02DD7E20202834D4001EDC65 /* PBXContainerItemProxy */ = {
			isa = PBXContainerItemProxy;
			containerPortal = 02DD7DF8202834D3001EDC65 /* Project object */;
			proxyType = 1;
			remoteGlobalIDString = 02DD7DFF202834D4001EDC65;
			remoteInfo = StopWatch;
		};
/* End PBXContainerItemProxy section */

/* Begin PBXFileReference section */
		02DD7E00202834D4001EDC65 /* StopWatch.app */ = {isa = PBXFileReference; explicitFileType = wrapper.application; includeInIndex = 0; path = StopWatch.app; sourceTree = BUILT_PRODUCTS_DIR; };
		02DD7E03202834D4001EDC65 /* AppDelegate.swift */ = {isa = PBXFileReference; lastKnownFileType = sourcecode.swift; path = AppDelegate.swift; sourceTree = "<group>"; };
		02DD7E05202834D4001EDC65 /* ViewController.swift */ = {isa = PBXFileReference; lastKnownFileType = sourcecode.swift; path = ViewController.swift; sourceTree = "<group>"; };
		02DD7E08202834D4001EDC65 /* Base */ = {isa = PBXFileReference; lastKnownFileType = file.storyboard; name = Base; path = Base.lproj/Main.storyboard; sourceTree = "<group>"; };
		02DD7E0A202834D4001EDC65 /* Assets.xcassets */ = {isa = PBXFileReference; lastKnownFileType = folder.assetcatalog; path = Assets.xcassets; sourceTree = "<group>"; };
		02DD7E0D202834D4001EDC65 /* Base */ = {isa = PBXFileReference; lastKnownFileType = file.storyboard; name = Base; path = Base.lproj/LaunchScreen.storyboard; sourceTree = "<group>"; };
		02DD7E0F202834D4001EDC65 /* Info.plist */ = {isa = PBXFileReference; lastKnownFileType = text.plist.xml; path = Info.plist; sourceTree = "<group>"; };
		02DD7E14202834D4001EDC65 /* StopWatchTests.xctest */ = {isa = PBXFileReference; explicitFileType = wrapper.cfbundle; includeInIndex = 0; path = StopWatchTests.xctest; sourceTree = BUILT_PRODUCTS_DIR; };
		02DD7E18202834D4001EDC65 /* StopWatchTests.swift */ = {isa = PBXFileReference; lastKnownFileType = sourcecode.swift; path = StopWatchTests.swift; sourceTree = "<group>"; };
		02DD7E1A202834D4001EDC65 /* Info.plist */ = {isa = PBXFileReference; lastKnownFileType = text.plist.xml; path = Info.plist; sourceTree = "<group>"; };
		02DD7E1F202834D4001EDC65 /* StopWatchUITests.xctest */ = {isa = PBXFileReference; explicitFileType = wrapper.cfbundle; includeInIndex = 0; path = StopWatchUITests.xctest; sourceTree = BUILT_PRODUCTS_DIR; };
		02DD7E23202834D4001EDC65 /* StopWatchUITests.swift */ = {isa = PBXFileReference; lastKnownFileType = sourcecode.swift; path = StopWatchUITests.swift; sourceTree = "<group>"; };
		02DD7E25202834D4001EDC65 /* Info.plist */ = {isa = PBXFileReference; lastKnownFileType = text.plist.xml; path = Info.plist; sourceTree = "<group>"; };
/* End PBXFileReference section */

/* Begin PBXFrameworksBuildPhase section */
		02DD7DFD202834D4001EDC65 /* Frameworks */ = {
			isa = PBXFrameworksBuildPhase;
			buildActionMask = 2147483647;
			files = (
			);
			runOnlyForDeploymentPostprocessing = 0;
		};
		02DD7E11202834D4001EDC65 /* Frameworks */ = {
			isa = PBXFrameworksBuildPhase;
			buildActionMask = 2147483647;
			files = (
			);
			runOnlyForDeploymentPostprocessing = 0;
		};
		02DD7E1C202834D4001EDC65 /* Frameworks */ = {
			isa = PBXFrameworksBuildPhase;
			buildActionMask = 2147483647;
			files = (
			);
			runOnlyForDeploymentPostprocessing = 0;
		};
/* End PBXFrameworksBuildPhase section */

/* Begin PBXGroup section */
		02DD7DF7202834D3001EDC65 = {
			isa = PBXGroup;
			children = (
				02DD7E02202834D4001EDC65 /* StopWatch */,
				02DD7E17202834D4001EDC65 /* StopWatchTests */,
				02DD7E22202834D4001EDC65 /* StopWatchUITests */,
				02DD7E01202834D4001EDC65 /* Products */,
			);
			sourceTree = "<group>";
		};
		02DD7E01202834D4001EDC65 /* Products */ = {
			isa = PBXGroup;
			children = (
				02DD7E00202834D4001EDC65 /* StopWatch.app */,
				02DD7E14202834D4001EDC65 /* StopWatchTests.xctest */,
				02DD7E1F202834D4001EDC65 /* StopWatchUITests.xctest */,
			);
			name = Products;
			sourceTree = "<group>";
		};
		02DD7E02202834D4001EDC65 /* StopWatch */ = {
			isa = PBXGroup;
			children = (
				02DD7E03202834D4001EDC65 /* AppDelegate.swift */,
				02DD7E05202834D4001EDC65 /* ViewController.swift */,
				02DD7E07202834D4001EDC65 /* Main.storyboard */,
				02DD7E0A202834D4001EDC65 /* Assets.xcassets */,
				02DD7E0C202834D4001EDC65 /* LaunchScreen.storyboard */,
				02DD7E0F202834D4001EDC65 /* Info.plist */,
			);
			path = StopWatch;
			sourceTree = "<group>";
		};
		02DD7E17202834D4001EDC65 /* StopWatchTests */ = {
			isa = PBXGroup;
			children = (
				02DD7E18202834D4001EDC65 /* StopWatchTests.swift */,
				02DD7E1A202834D4001EDC65 /* Info.plist */,
			);
			path = StopWatchTests;
			sourceTree = "<group>";
		};
		02DD7E22202834D4001EDC65 /* StopWatchUITests */ = {
			isa = PBXGroup;
			children = (
				02DD7E23202834D4001EDC65 /* StopWatchUITests.swift */,
				02DD7E25202834D4001EDC65 /* Info.plist */,
			);
			path = StopWatchUITests;
			sourceTree = "<group>";
		};
/* End PBXGroup section */

/* Begin PBXNativeTarget section */
		02DD7DFF202834D4001EDC65 /* StopWatch */ = {
			isa = PBXNativeTarget;
			buildConfigurationList = 02DD7E28202834D4001EDC65 /* Build configuration list for PBXNativeTarget "StopWatch" */;
			buildPhases = (
				02DD7DFC202834D4001EDC65 /* Sources */,
				02DD7DFD202834D4001EDC65 /* Frameworks */,
				02DD7DFE202834D4001EDC65 /* Resources */,
			);
			buildRules = (
			);
			dependencies = (
			);
			name = StopWatch;
			productName = StopWatch;
			productReference = 02DD7E00202834D4001EDC65 /* StopWatch.app */;
			productType = "com.apple.product-type.application";
		};
		02DD7E13202834D4001EDC65 /* StopWatchTests */ = {
			isa = PBXNativeTarget;
			buildConfigurationList = 02DD7E2B202834D4001EDC65 /* Build configuration list for PBXNativeTarget "StopWatchTests" */;
			buildPhases = (
				02DD7E10202834D4001EDC65 /* Sources */,
				02DD7E11202834D4001EDC65 /* Frameworks */,
				02DD7E12202834D4001EDC65 /* Resources */,
			);
			buildRules = (
			);
			dependencies = (
				02DD7E16202834D4001EDC65 /* PBXTargetDependency */,
			);
			name = StopWatchTests;
			productName = StopWatchTests;
			productReference = 02DD7E14202834D4001EDC65 /* StopWatchTests.xctest */;
			productType = "com.apple.product-type.bundle.unit-test";
		};
		02DD7E1E202834D4001EDC65 /* StopWatchUITests */ = {
			isa = PBXNativeTarget;
			buildConfigurationList = 02DD7E2E202834D4001EDC65 /* Build configuration list for PBXNativeTarget "StopWatchUITests" */;
			buildPhases = (
				02DD7E1B202834D4001EDC65 /* Sources */,
				02DD7E1C202834D4001EDC65 /* Frameworks */,
				02DD7E1D202834D4001EDC65 /* Resources */,
			);
			buildRules = (
			);
			dependencies = (
				02DD7E21202834D4001EDC65 /* PBXTargetDependency */,
			);
			name = StopWatchUITests;
			productName = StopWatchUITests;
			productReference = 02DD7E1F202834D4001EDC65 /* StopWatchUITests.xctest */;
			productType = "com.apple.product-type.bundle.ui-testing";
		};
/* End PBXNativeTarget section */

/* Begin PBXProject section */
		02DD7DF8202834D3001EDC65 /* Project object */ = {
			isa = PBXProject;
			attributes = {
				LastSwiftUpdateCheck = 0900;
				LastUpgradeCheck = 0900;
				ORGANIZATIONNAME = "曽根大輔";
				TargetAttributes = {
					02DD7DFF202834D4001EDC65 = {
						CreatedOnToolsVersion = 9.0;
						ProvisioningStyle = Automatic;
					};
					02DD7E13202834D4001EDC65 = {
						CreatedOnToolsVersion = 9.0;
						ProvisioningStyle = Automatic;
						TestTargetID = 02DD7DFF202834D4001EDC65;
					};
					02DD7E1E202834D4001EDC65 = {
						CreatedOnToolsVersion = 9.0;
						ProvisioningStyle = Automatic;
						TestTargetID = 02DD7DFF202834D4001EDC65;
					};
				};
			};
			buildConfigurationList = 02DD7DFB202834D3001EDC65 /* Build configuration list for PBXProject "StopWatch" */;
			compatibilityVersion = "Xcode 8.0";
			developmentRegion = en;
			hasScannedForEncodings = 0;
			knownRegions = (
				en,
				Base,
			);
			mainGroup = 02DD7DF7202834D3001EDC65;
			productRefGroup = 02DD7E01202834D4001EDC65 /* Products */;
			projectDirPath = "";
			projectRoot = "";
			targets = (
				02DD7DFF202834D4001EDC65 /* StopWatch */,
				02DD7E13202834D4001EDC65 /* StopWatchTests */,
				02DD7E1E202834D4001EDC65 /* StopWatchUITests */,
			);
		};
/* End PBXProject section */

/* Begin PBXResourcesBuildPhase section */
		02DD7DFE202834D4001EDC65 /* Resources */ = {
			isa = PBXResourcesBuildPhase;
			buildActionMask = 2147483647;
			files = (
				02DD7E0E202834D4001EDC65 /* LaunchScreen.storyboard in Resources */,
				02DD7E0B202834D4001EDC65 /* Assets.xcassets in Resources */,
				02DD7E09202834D4001EDC65 /* Main.storyboard in Resources */,
			);
			runOnlyForDeploymentPostprocessing = 0;
		};
		02DD7E12202834D4001EDC65 /* Resources */ = {
			isa = PBXResourcesBuildPhase;
			buildActionMask = 2147483647;
			files = (
			);
			runOnlyForDeploymentPostprocessing = 0;
		};
		02DD7E1D202834D4001EDC65 /* Resources */ = {
			isa = PBXResourcesBuildPhase;
			buildActionMask = 2147483647;
			files = (
			);
			runOnlyForDeploymentPostprocessing = 0;
		};
/* End PBXResourcesBuildPhase section */

/* Begin PBXSourcesBuildPhase section */
		02DD7DFC202834D4001EDC65 /* Sources */ = {
			isa = PBXSourcesBuildPhase;
			buildActionMask = 2147483647;
			files = (
				02DD7E06202834D4001EDC65 /* ViewController.swift in Sources */,
				02DD7E04202834D4001EDC65 /* AppDelegate.swift in Sources */,
			);
			runOnlyForDeploymentPostprocessing = 0;
		};
		02DD7E10202834D4001EDC65 /* Sources */ = {
			isa = PBXSourcesBuildPhase;
			buildActionMask = 2147483647;
			files = (
				02DD7E19202834D4001EDC65 /* StopWatchTests.swift in Sources */,
			);
			runOnlyForDeploymentPostprocessing = 0;
		};
		02DD7E1B202834D4001EDC65 /* Sources */ = {
			isa = PBXSourcesBuildPhase;
			buildActionMask = 2147483647;
			files = (
				02DD7E24202834D4001EDC65 /* StopWatchUITests.swift in Sources */,
			);
			runOnlyForDeploymentPostprocessing = 0;
		};
/* End PBXSourcesBuildPhase section */

/* Begin PBXTargetDependency section */
		02DD7E16202834D4001EDC65 /* PBXTargetDependency */ = {
			isa = PBXTargetDependency;
			target = 02DD7DFF202834D4001EDC65 /* StopWatch */;
			targetProxy = 02DD7E15202834D4001EDC65 /* PBXContainerItemProxy */;
		};
		02DD7E21202834D4001EDC65 /* PBXTargetDependency */ = {
			isa = PBXTargetDependency;
			target = 02DD7DFF202834D4001EDC65 /* StopWatch */;
			targetProxy = 02DD7E20202834D4001EDC65 /* PBXContainerItemProxy */;
		};
/* End PBXTargetDependency section */

/* Begin PBXVariantGroup section */
		02DD7E07202834D4001EDC65 /* Main.storyboard */ = {
			isa = PBXVariantGroup;
			children = (
				02DD7E08202834D4001EDC65 /* Base */,
			);
			name = Main.storyboard;
			sourceTree = "<group>";
		};
		02DD7E0C202834D4001EDC65 /* LaunchScreen.storyboard */ = {
			isa = PBXVariantGroup;
			children = (
				02DD7E0D202834D4001EDC65 /* Base */,
			);
			name = LaunchScreen.storyboard;
			sourceTree = "<group>";
		};
/* End PBXVariantGroup section */

/* Begin XCBuildConfiguration section */
		02DD7E26202834D4001EDC65 /* Debug */ = {
			isa = XCBuildConfiguration;
			buildSettings = {
				ALWAYS_SEARCH_USER_PATHS = NO;
				CLANG_ANALYZER_NONNULL = YES;
				CLANG_ANALYZER_NUMBER_OBJECT_CONVERSION = YES_AGGRESSIVE;
				CLANG_CXX_LANGUAGE_STANDARD = "gnu++14";
				CLANG_CXX_LIBRARY = "libc++";
				CLANG_ENABLE_MODULES = YES;
				CLANG_ENABLE_OBJC_ARC = YES;
				CLANG_WARN_BLOCK_CAPTURE_AUTORELEASING = YES;
				CLANG_WARN_BOOL_CONVERSION = YES;
				CLANG_WARN_COMMA = YES;
				CLANG_WARN_CONSTANT_CONVERSION = YES;
				CLANG_WARN_DIRECT_OBJC_ISA_USAGE = YES_ERROR;
				CLANG_WARN_DOCUMENTATION_COMMENTS = YES;
				CLANG_WARN_EMPTY_BODY = YES;
				CLANG_WARN_ENUM_CONVERSION = YES;
				CLANG_WARN_INFINITE_RECURSION = YES;
				CLANG_WARN_INT_CONVERSION = YES;
				CLANG_WARN_NON_LITERAL_NULL_CONVERSION = YES;
				CLANG_WARN_OBJC_LITERAL_CONVERSION = YES;
				CLANG_WARN_OBJC_ROOT_CLASS = YES_ERROR;
				CLANG_WARN_RANGE_LOOP_ANALYSIS = YES;
				CLANG_WARN_STRICT_PROTOTYPES = YES;
				CLANG_WARN_SUSPICIOUS_MOVE = YES;
				CLANG_WARN_UNGUARDED_AVAILABILITY = YES_AGGRESSIVE;
				CLANG_WARN_UNREACHABLE_CODE = YES;
				CLANG_WARN__DUPLICATE_METHOD_MATCH = YES;
				CODE_SIGN_IDENTITY = "iPhone Developer";
				COPY_PHASE_STRIP = NO;
				DEBUG_INFORMATION_FORMAT = dwarf;
				ENABLE_STRICT_OBJC_MSGSEND = YES;
				ENABLE_TESTABILITY = YES;
				GCC_C_LANGUAGE_STANDARD = gnu11;
				GCC_DYNAMIC_NO_PIC = NO;
				GCC_NO_COMMON_BLOCKS = YES;
				GCC_OPTIMIZATION_LEVEL = 0;
				GCC_PREPROCESSOR_DEFINITIONS = (
					"DEBUG=1",
					"$(inherited)",
				);
				GCC_WARN_64_TO_32_BIT_CONVERSION = YES;
				GCC_WARN_ABOUT_RETURN_TYPE = YES_ERROR;
				GCC_WARN_UNDECLARED_SELECTOR = YES;
				GCC_WARN_UNINITIALIZED_AUTOS = YES_AGGRESSIVE;
				GCC_WARN_UNUSED_FUNCTION = YES;
				GCC_WARN_UNUSED_VARIABLE = YES;
				IPHONEOS_DEPLOYMENT_TARGET = 11.0;
				MTL_ENABLE_DEBUG_INFO = YES;
				ONLY_ACTIVE_ARCH = YES;
				SDKROOT = iphoneos;
				SWIFT_ACTIVE_COMPILATION_CONDITIONS = DEBUG;
				SWIFT_OPTIMIZATION_LEVEL = "-Onone";
			};
			name = Debug;
		};
		02DD7E27202834D4001EDC65 /* Release */ = {
			isa = XCBuildConfiguration;
			buildSettings = {
				ALWAYS_SEARCH_USER_PATHS = NO;
				CLANG_ANALYZER_NONNULL = YES;
				CLANG_ANALYZER_NUMBER_OBJECT_CONVERSION = YES_AGGRESSIVE;
				CLANG_CXX_LANGUAGE_STANDARD = "gnu++14";
				CLANG_CXX_LIBRARY = "libc++";
				CLANG_ENABLE_MODULES = YES;
				CLANG_ENABLE_OBJC_ARC = YES;
				CLANG_WARN_BLOCK_CAPTURE_AUTORELEASING = YES;
				CLANG_WARN_BOOL_CONVERSION = YES;
				CLANG_WARN_COMMA = YES;
				CLANG_WARN_CONSTANT_CONVERSION = YES;
				CLANG_WARN_DIRECT_OBJC_ISA_USAGE = YES_ERROR;
				CLANG_WARN_DOCUMENTATION_COMMENTS = YES;
				CLANG_WARN_EMPTY_BODY = YES;
				CLANG_WARN_ENUM_CONVERSION = YES;
				CLANG_WARN_INFINITE_RECURSION = YES;
				CLANG_WARN_INT_CONVERSION = YES;
				CLANG_WARN_NON_LITERAL_NULL_CONVERSION = YES;
				CLANG_WARN_OBJC_LITERAL_CONVERSION = YES;
				CLANG_WARN_OBJC_ROOT_CLASS = YES_ERROR;
				CLANG_WARN_RANGE_LOOP_ANALYSIS = YES;
				CLANG_WARN_STRICT_PROTOTYPES = YES;
				CLANG_WARN_SUSPICIOUS_MOVE = YES;
				CLANG_WARN_UNGUARDED_AVAILABILITY = YES_AGGRESSIVE;
				CLANG_WARN_UNREACHABLE_CODE = YES;
				CLANG_WARN__DUPLICATE_METHOD_MATCH = YES;
				CODE_SIGN_IDENTITY = "iPhone Developer";
				COPY_PHASE_STRIP = NO;
				DEBUG_INFORMATION_FORMAT = "dwarf-with-dsym";
				ENABLE_NS_ASSERTIONS = NO;
				ENABLE_STRICT_OBJC_MSGSEND = YES;
				GCC_C_LANGUAGE_STANDARD = gnu11;
				GCC_NO_COMMON_BLOCKS = YES;
				GCC_WARN_64_TO_32_BIT_CONVERSION = YES;
				GCC_WARN_ABOUT_RETURN_TYPE = YES_ERROR;
				GCC_WARN_UNDECLARED_SELECTOR = YES;
				GCC_WARN_UNINITIALIZED_AUTOS = YES_AGGRESSIVE;
				GCC_WARN_UNUSED_FUNCTION = YES;
				GCC_WARN_UNUSED_VARIABLE = YES;
				IPHONEOS_DEPLOYMENT_TARGET = 11.0;
				MTL_ENABLE_DEBUG_INFO = NO;
				SDKROOT = iphoneos;
				SWIFT_OPTIMIZATION_LEVEL = "-Owholemodule";
				VALIDATE_PRODUCT = YES;
			};
			name = Release;
		};
		02DD7E29202834D4001EDC65 /* Debug */ = {
			isa = XCBuildConfiguration;
			buildSettings = {
				ASSETCATALOG_COMPILER_APPICON_NAME = AppIcon;
				CODE_SIGN_STYLE = Automatic;
				INFOPLIST_FILE = StopWatch/Info.plist;
				LD_RUNPATH_SEARCH_PATHS = "$(inherited) @executable_path/Frameworks";
				PRODUCT_BUNDLE_IDENTIFIER = com.StopWatch;
				PRODUCT_NAME = "$(TARGET_NAME)";
				SWIFT_VERSION = 4.0;
				TARGETED_DEVICE_FAMILY = "1,2";
			};
			name = Debug;
		};
		02DD7E2A202834D4001EDC65 /* Release */ = {
			isa = XCBuildConfiguration;
			buildSettings = {
				ASSETCATALOG_COMPILER_APPICON_NAME = AppIcon;
				CODE_SIGN_STYLE = Automatic;
				INFOPLIST_FILE = StopWatch/Info.plist;
				LD_RUNPATH_SEARCH_PATHS = "$(inherited) @executable_path/Frameworks";
				PRODUCT_BUNDLE_IDENTIFIER = com.StopWatch;
				PRODUCT_NAME = "$(TARGET_NAME)";
				SWIFT_VERSION = 4.0;
				TARGETED_DEVICE_FAMILY = "1,2";
			};
			name = Release;
		};
		02DD7E2C202834D4001EDC65 /* Debug */ = {
			isa = XCBuildConfiguration;
			buildSettings = {
				ALWAYS_EMBED_SWIFT_STANDARD_LIBRARIES = YES;
				BUNDLE_LOADER = "$(TEST_HOST)";
				CODE_SIGN_STYLE = Automatic;
				INFOPLIST_FILE = StopWatchTests/Info.plist;
				LD_RUNPATH_SEARCH_PATHS = "$(inherited) @executable_path/Frameworks @loader_path/Frameworks";
				PRODUCT_BUNDLE_IDENTIFIER = com.StopWatchTests;
				PRODUCT_NAME = "$(TARGET_NAME)";
				SWIFT_VERSION = 4.0;
				TARGETED_DEVICE_FAMILY = "1,2";
				TEST_HOST = "$(BUILT_PRODUCTS_DIR)/StopWatch.app/StopWatch";
			};
			name = Debug;
		};
		02DD7E2D202834D4001EDC65 /* Release */ = {
			isa = XCBuildConfiguration;
			buildSettings = {
				ALWAYS_EMBED_SWIFT_STANDARD_LIBRARIES = YES;
				BUNDLE_LOADER = "$(TEST_HOST)";
				CODE_SIGN_STYLE = Automatic;
				INFOPLIST_FILE = StopWatchTests/Info.plist;
				LD_RUNPATH_SEARCH_PATHS = "$(inherited) @executable_path/Frameworks @loader_path/Frameworks";
				PRODUCT_BUNDLE_IDENTIFIER = com.StopWatchTests;
				PRODUCT_NAME = "$(TARGET_NAME)";
				SWIFT_VERSION = 4.0;
				TARGETED_DEVICE_FAMILY = "1,2";
				TEST_HOST = "$(BUILT_PRODUCTS_DIR)/StopWatch.app/StopWatch";
			};
			name = Release;
		};
		02DD7E2F202834D4001EDC65 /* Debug */ = {
			isa = XCBuildConfiguration;
			buildSettings = {
				ALWAYS_EMBED_SWIFT_STANDARD_LIBRARIES = YES;
				CODE_SIGN_STYLE = Automatic;
				INFOPLIST_FILE = StopWatchUITests/Info.plist;
				LD_RUNPATH_SEARCH_PATHS = "$(inherited) @executable_path/Frameworks @loader_path/Frameworks";
				PRODUCT_BUNDLE_IDENTIFIER = com.StopWatchUITests;
				PRODUCT_NAME = "$(TARGET_NAME)";
				SWIFT_VERSION = 4.0;
				TARGETED_DEVICE_FAMILY = "1,2";
				TEST_TARGET_NAME = StopWatch;
			};
			name = Debug;
		};
		02DD7E30202834D4001EDC65 /* Release */ = {
			isa = XCBuildConfiguration;
			buildSettings = {
				ALWAYS_EMBED_SWIFT_STANDARD_LIBRARIES = YES;
				CODE_SIGN_STYLE = Automatic;
				INFOPLIST_FILE = StopWatchUITests/Info.plist;
				LD_RUNPATH_SEARCH_PATHS = "$(inherited) @executable_path/Frameworks @loader_path/Frameworks";
				PRODUCT_BUNDLE_IDENTIFIER = com.StopWatchUITests;
				PRODUCT_NAME = "$(TARGET_NAME)";
				SWIFT_VERSION = 4.0;
				TARGETED_DEVICE_FAMILY = "1,2";
				TEST_TARGET_NAME = StopWatch;
			};
			name = Release;
		};
/* End XCBuildConfiguration section */

/* Begin XCConfigurationList section */
		02DD7DFB202834D3001EDC65 /* Build configuration list for PBXProject "StopWatch" */ = {
			isa = XCConfigurationList;
			buildConfigurations = (
				02DD7E26202834D4001EDC65 /* Debug */,
				02DD7E27202834D4001EDC65 /* Release */,
			);
			defaultConfigurationIsVisible = 0;
			defaultConfigurationName = Release;
		};
		02DD7E28202834D4001EDC65 /* Build configuration list for PBXNativeTarget "StopWatch" */ = {
			isa = XCConfigurationList;
			buildConfigurations = (
				02DD7E29202834D4001EDC65 /* Debug */,
				02DD7E2A202834D4001EDC65 /* Release */,
			);
			defaultConfigurationIsVisible = 0;
			defaultConfigurationName = Release;
		};
		02DD7E2B202834D4001EDC65 /* Build configuration list for PBXNativeTarget "StopWatchTests" */ = {
			isa = XCConfigurationList;
			buildConfigurations = (
				02DD7E2C202834D4001EDC65 /* Debug */,
				02DD7E2D202834D4001EDC65 /* Release */,
			);
			defaultConfigurationIsVisible = 0;
			defaultConfigurationName = Release;
		};
		02DD7E2E202834D4001EDC65 /* Build configuration list for PBXNativeTarget "StopWatchUITests" */ = {
			isa = XCConfigurationList;
			buildConfigurations = (
				02DD7E2F202834D4001EDC65 /* Debug */,
				02DD7E30202834D4001EDC65 /* Release */,
			);
			defaultConfigurationIsVisible = 0;
			defaultConfigurationName = Release;
		};
/* End XCConfigurationList section */
	};
	rootObject = 02DD7DF8202834D3001EDC65 /* Project object */;
}
